
Microsoft Visual Studio Solution File, Format Version 12.00
# Visual Studio Express 2012 for Windows Phone
Project("{FAE04EC0-301F-11D3-BF4B-00C04F79EFBC}") = "YueFM for Windows Phone 8", "YueFM for Windows Phone\YueFM for Windows Phone 8.csproj", "{A01F8325-C925-4E05-AA28-81EBBEF17ED6}"
EndProject
Project("{FAE04EC0-301F-11D3-BF4B-00C04F79EFBC}") = "Alexis.WindowsPhone.Social", "Alexis.WindowsPhone.Social\Alexis.WindowsPhone.Social.csproj", "{42DA7406-3EAC-42A3-B13A-EDBBE318BAC5}"
EndProject
Global
	GlobalSection(SolutionConfigurationPlatforms) = preSolution
		Debug|Any CPU = Debug|Any CPU
		Debug|ARM = Debug|ARM
		Debug|x86 = Debug|x86
		Release|Any CPU = Release|Any CPU
		Release|ARM = Release|ARM
		Release|x86 = Release|x86
	EndGlobalSection
	GlobalSection(ProjectConfigurationPlatforms) = postSolution
		{A01F8325-C925-4E05-AA28-81EBBEF17ED6}.Debug|Any CPU.ActiveCfg = Debug|Any CPU
		{A01F8325-C925-4E05-AA28-81EBBEF17ED6}.Debug|Any CPU.Build.0 = Debug|Any CPU
		{A01F8325-C925-4E05-AA28-81EBBEF17ED6}.Debug|Any CPU.Deploy.0 = Debug|Any CPU
		{A01F8325-C925-4E05-AA28-81EBBEF17ED6}.Debug|ARM.ActiveCfg = Debug|ARM
		{A01F8325-C925-4E05-AA28-81EBBEF17ED6}.Debug|ARM.Build.0 = Debug|ARM
		{A01F8325-C925-4E05-AA28-81EBBEF17ED6}.Debug|ARM.Deploy.0 = Debug|ARM
		{A01F8325-C925-4E05-AA28-81EBBEF17ED6}.Debug|x86.ActiveCfg = Debug|x86
		{A01F8325-C925-4E05-AA28-81EBBEF17ED6}.Debug|x86.Build.0 = Debug|x86
		{A01F8325-C925-4E05-AA28-81EBBEF17ED6}.Debug|x86.Deploy.0 = Debug|x86
		{A01F8325-C925-4E05-AA28-81EBBEF17ED6}.Release|Any CPU.ActiveCfg = Release|Any CPU
		{A01F8325-C925-4E05-AA28-81EBBEF17ED6}.Release|Any CPU.Build.0 = Release|Any CPU
		{A01F8325-C925-4E05-AA28-81EBBEF17ED6}.Release|Any CPU.Deploy.0 = Release|Any CPU
		{A01F8325-C925-4E05-AA28-81EBBEF17ED6}.Release|ARM.ActiveCfg = Release|ARM
		{A01F8325-C925-4E05-AA28-81EBBEF17ED6}.Release|ARM.Build.0 = Release|ARM
		{A01F8325-C925-4E05-AA28-81EBBEF17ED6}.Release|ARM.Deploy.0 = Release|ARM
		{A01F8325-C925-4E05-AA28-81EBBEF17ED6}.Release|x86.ActiveCfg = Release|x86
		{A01F8325-C925-4E05-AA28-81EBBEF17ED6}.Release|x86.Build.0 = Release|x86
		{A01F8325-C925-4E05-AA28-81EBBEF17ED6}.Release|x86.Deploy.0 = Release|x86
		{42DA7406-3EAC-42A3-B13A-EDBBE318BAC5}.Debug|Any CPU.ActiveCfg = Debug|Any CPU
		{42DA7406-3EAC-42A3-B13A-EDBBE318BAC5}.Debug|Any CPU.Build.0 = Debug|Any CPU
		{42DA7406-3EAC-42A3-B13A-EDBBE318BAC5}.Debug|ARM.ActiveCfg = Debug|Any CPU
		{42DA7406-3EAC-42A3-B13A-EDBBE318BAC5}.Debug|x86.ActiveCfg = Debug|Any CPU
		{42DA7406-3EAC-42A3-B13A-EDBBE318BAC5}.Release|Any CPU.ActiveCfg = Release|Any CPU
		{42DA7406-3EAC-42A3-B13A-EDBBE318BAC5}.Release|Any CPU.Build.0 = Release|Any CPU
		{42DA7406-3EAC-42A3-B13A-EDBBE318BAC5}.Release|ARM.ActiveCfg = Release|Any CPU
		{42DA7406-3EAC-42A3-B13A-EDBBE318BAC5}.Release|x86.ActiveCfg = Release|Any CPU
	EndGlobalSection
	GlobalSection(SolutionProperties) = preSolution
		HideSolutionNode = FALSE
	EndGlobalSection
EndGlobal
